
Microsoft Visual Studio Solution File, Format Version 12.00
# Visual Studio Version 17
VisualStudioVersion = 17.1.32319.34
MinimumVisualStudioVersion = 10.0.40219.1
Project("{FAE04EC0-301F-11D3-BF4B-00C04F79EFBC}") = "NetkServer", "NetkServer\NetkServer.csproj", "{73881B69-C75F-4CF8-A6B0-2B39655C7AA6}"
EndProject
Global
	GlobalSection(SolutionConfigurationPlatforms) = preSolution
		Debug|Any CPU = Debug|Any CPU
		Release|Any CPU = Release|Any CPU
	EndGlobalSection
	GlobalSection(ProjectConfigurationPlatforms) = postSolution
		{73881B69-C75F-4CF8-A6B0-2B39655C7AA6}.Debug|Any CPU.ActiveCfg = Debug|Any CPU
		{73881B69-C75F-4CF8-A6B0-2B39655C7AA6}.Debug|Any CPU.Build.0 = Debug|Any CPU
		{73881B69-C75F-4CF8-A6B0-2B39655C7AA6}.Release|Any CPU.ActiveCfg = Release|Any CPU
		{73881B69-C75F-4CF8-A6B0-2B39655C7AA6}.Release|Any CPU.Build.0 = Release|Any CPU
	EndGlobalSection
	GlobalSection(SolutionProperties) = preSolution
		HideSolutionNode = FALSE
	EndGlobalSection
	GlobalSection(ExtensibilityGlobals) = postSolution
		SolutionGuid = {2AF45EA4-613A-4984-BF7B-C59BC7F20AB5}
	EndGlobalSection
EndGlobal
